
Microsoft Visual Studio Solution File, Format Version 12.00
# Visual Studio Version 17
VisualStudioVersion = 17.6.33801.468
MinimumVisualStudioVersion = 10.0.40219.1
Project("{FAE04EC0-301F-11D3-BF4B-00C04F79EFBC}") = "ASPCoreFirstApp", "ASPCoreFirstApp\ASPCoreFirstApp.csproj", "{73BD66E3-6425-4A7B-8D80-E71E3AFB6DFF}"
EndProject
Global
	GlobalSection(SolutionConfigurationPlatforms) = preSolution
		Debug|Any CPU = Debug|Any CPU
		Release|Any CPU = Release|Any CPU
	EndGlobalSection
	GlobalSection(ProjectConfigurationPlatforms) = postSolution
		{73BD66E3-6425-4A7B-8D80-E71E3AFB6DFF}.Debug|Any CPU.ActiveCfg = Debug|Any CPU
		{73BD66E3-6425-4A7B-8D80-E71E3AFB6DFF}.Debug|Any CPU.Build.0 = Debug|Any CPU
		{73BD66E3-6425-4A7B-8D80-E71E3AFB6DFF}.Release|Any CPU.ActiveCfg = Release|Any CPU
		{73BD66E3-6425-4A7B-8D80-E71E3AFB6DFF}.Release|Any CPU.Build.0 = Release|Any CPU
	EndGlobalSection
	GlobalSection(SolutionProperties) = preSolution
		HideSolutionNode = FALSE
	EndGlobalSection
	GlobalSection(ExtensibilityGlobals) = postSolution
		SolutionGuid = {0A56B4FA-E790-48D4-9BC3-C9A21B819318}
	EndGlobalSection
EndGlobal
